
Microsoft Visual Studio Solution File, Format Version 12.00
# Visual Studio Version 17
VisualStudioVersion = 17.4.33122.133
MinimumVisualStudioVersion = 10.0.40219.1
Project("{FAE04EC0-301F-11D3-BF4B-00C04F79EFBC}") = "Opakovani4ITAMasterClassForDasAbitur", "Opakovani4ITAMasterClassForDasAbitur\Opakovani4ITAMasterClassForDasAbitur.csproj", "{C325BC61-9AA2-4DAE-8409-6FFDB5DF9E65}"
EndProject
Global
	GlobalSection(SolutionConfigurationPlatforms) = preSolution
		Debug|Any CPU = Debug|Any CPU
		Release|Any CPU = Release|Any CPU
	EndGlobalSection
	GlobalSection(ProjectConfigurationPlatforms) = postSolution
		{C325BC61-9AA2-4DAE-8409-6FFDB5DF9E65}.Debug|Any CPU.ActiveCfg = Debug|Any CPU
		{C325BC61-9AA2-4DAE-8409-6FFDB5DF9E65}.Debug|Any CPU.Build.0 = Debug|Any CPU
		{C325BC61-9AA2-4DAE-8409-6FFDB5DF9E65}.Release|Any CPU.ActiveCfg = Release|Any CPU
		{C325BC61-9AA2-4DAE-8409-6FFDB5DF9E65}.Release|Any CPU.Build.0 = Release|Any CPU
	EndGlobalSection
	GlobalSection(SolutionProperties) = preSolution
		HideSolutionNode = FALSE
	EndGlobalSection
	GlobalSection(ExtensibilityGlobals) = postSolution
		SolutionGuid = {DF61C166-1527-4918-8DBA-598DCCFF8A41}
	EndGlobalSection
EndGlobal
